// !$*UTF8*$!
{
	archiveVersion = 1;
	classes = {
	};
	objectVersion = 46;
	objects = {

/* Begin PBXBuildFile section */
		30AEBA991E45191B0019BF6F /* AppDelegate.swift in Sources */ = {isa = PBXBuildFile; fileRef = 30AEBA981E45191B0019BF6F /* AppDelegate.swift */; };
		30AEBA9B1E45191B0019BF6F /* ViewController.swift in Sources */ = {isa = PBXBuildFile; fileRef = 30AEBA9A1E45191B0019BF6F /* ViewController.swift */; };
		30AEBA9E1E45191B0019BF6F /* Main.storyboard in Resources */ = {isa = PBXBuildFile; fileRef = 30AEBA9C1E45191B0019BF6F /* Main.storyboard */; };
		30AEBAA01E45191B0019BF6F /* Assets.xcassets in Resources */ = {isa = PBXBuildFile; fileRef = 30AEBA9F1E45191B0019BF6F /* Assets.xcassets */; };
		30AEBAA31E45191B0019BF6F /* LaunchScreen.storyboard in Resources */ = {isa = PBXBuildFile; fileRef = 30AEBAA11E45191B0019BF6F /* LaunchScreen.storyboard */; };
/* End PBXBuildFile section */

/* Begin PBXFileReference section */
		30AEBA951E45191B0019BF6F /* ChronoTimerView.app */ = {isa = PBXFileReference; explicitFileType = wrapper.application; includeInIndex = 0; path = ChronoTimerView.app; sourceTree = BUILT_PRODUCTS_DIR; };
		30AEBA981E45191B0019BF6F /* AppDelegate.swift */ = {isa = PBXFileReference; lastKnownFileType = sourcecode.swift; path = AppDelegate.swift; sourceTree = "<group>"; };
		30AEBA9A1E45191B0019BF6F /* ViewController.swift */ = {isa = PBXFileReference; lastKnownFileType = sourcecode.swift; path = ViewController.swift; sourceTree = "<group>"; };
		30AEBA9D1E45191B0019BF6F /* Base */ = {isa = PBXFileReference; lastKnownFileType = file.storyboard; name = Base; path = Base.lproj/Main.storyboard; sourceTree = "<group>"; };
		30AEBA9F1E45191B0019BF6F /* Assets.xcassets */ = {isa = PBXFileReference; lastKnownFileType = folder.assetcatalog; path = Assets.xcassets; sourceTree = "<group>"; };
		30AEBAA21E45191B0019BF6F /* Base */ = {isa = PBXFileReference; lastKnownFileType = file.storyboard; name = Base; path = Base.lproj/LaunchScreen.storyboard; sourceTree = "<group>"; };
		30AEBAA41E45191B0019BF6F /* Info.plist */ = {isa = PBXFileReference; lastKnownFileType = text.plist.xml; path = Info.plist; sourceTree = "<group>"; };
/* End PBXFileReference section */

/* Begin PBXFrameworksBuildPhase section */
		30AEBA921E45191A0019BF6F /* Frameworks */ = {
			isa = PBXFrameworksBuildPhase;
			buildActionMask = 2147483647;
			files = (
			);
			runOnlyForDeploymentPostprocessing = 0;
		};
/* End PBXFrameworksBuildPhase section */

/* Begin PBXGroup section */
		30AEBA8C1E45191A0019BF6F = {
			isa = PBXGroup;
			children = (
				30AEBA971E45191B0019BF6F /* ChronoTimerView */,
				30AEBA961E45191B0019BF6F /* Products */,
			);
			sourceTree = "<group>";
		};
		30AEBA961E45191B0019BF6F /* Products */ = {
			isa = PBXGroup;
			children = (
				30AEBA951E45191B0019BF6F /* ChronoTimerView.app */,
			);
			name = Products;
			sourceTree = "<group>";
		};
		30AEBA971E45191B0019BF6F /* ChronoTimerView */ = {
			isa = PBXGroup;
			children = (
				30AEBAAA1E4519640019BF6F /* ChronoTimerView */,
				30AEBA981E45191B0019BF6F /* AppDelegate.swift */,
				30AEBA9A1E45191B0019BF6F /* ViewController.swift */,
				30AEBA9C1E45191B0019BF6F /* Main.storyboard */,
				30AEBA9F1E45191B0019BF6F /* Assets.xcassets */,
				30AEBAA11E45191B0019BF6F /* LaunchScreen.storyboard */,
				30AEBAA41E45191B0019BF6F /* Info.plist */,
			);
			path = ChronoTimerView;
			sourceTree = "<group>";
		};
		30AEBAAA1E4519640019BF6F /* ChronoTimerView */ = {
			isa = PBXGroup;
			children = (
			);
			name = ChronoTimerView;
			sourceTree = "<group>";
		};
/* End PBXGroup section */

/* Begin PBXNativeTarget section */
		30AEBA941E45191A0019BF6F /* ChronoTimerView */ = {
			isa = PBXNativeTarget;
			buildConfigurationList = 30AEBAA71E45191B0019BF6F /* Build configuration list for PBXNativeTarget "ChronoTimerView" */;
			buildPhases = (
				30AEBA911E45191A0019BF6F /* Sources */,
				30AEBA921E45191A0019BF6F /* Frameworks */,
				30AEBA931E45191A0019BF6F /* Resources */,
			);
			buildRules = (
			);
			dependencies = (
			);
			name = ChronoTimerView;
			productName = ChronoTimerView;
			productReference = 30AEBA951E45191B0019BF6F /* ChronoTimerView.app */;
			productType = "com.apple.product-type.application";
		};
/* End PBXNativeTarget section */

/* Begin PBXProject section */
		30AEBA8D1E45191A0019BF6F /* Project object */ = {
			isa = PBXProject;
			attributes = {
				LastSwiftUpdateCheck = 0820;
				LastUpgradeCheck = 0820;
				ORGANIZATIONNAME = "Romain Bousquet";
				TargetAttributes = {
					30AEBA941E45191A0019BF6F = {
						CreatedOnToolsVersion = 8.2.1;
						ProvisioningStyle = Automatic;
					};
				};
			};
			buildConfigurationList = 30AEBA901E45191A0019BF6F /* Build configuration list for PBXProject "ChronoTimerView" */;
			compatibilityVersion = "Xcode 3.2";
			developmentRegion = English;
			hasScannedForEncodings = 0;
			knownRegions = (
				en,
				Base,
			);
			mainGroup = 30AEBA8C1E45191A0019BF6F;
			productRefGroup = 30AEBA961E45191B0019BF6F /* Products */;
			projectDirPath = "";
			projectRoot = "";
			targets = (
				30AEBA941E45191A0019BF6F /* ChronoTimerView */,
			);
		};
/* End PBXProject section */

/* Begin PBXResourcesBuildPhase section */
		30AEBA931E45191A0019BF6F /* Resources */ = {
			isa = PBXResourcesBuildPhase;
			buildActionMask = 2147483647;
			files = (
				30AEBAA31E45191B0019BF6F /* LaunchScreen.storyboard in Resources */,
				30AEBAA01E45191B0019BF6F /* Assets.xcassets in Resources */,
				30AEBA9E1E45191B0019BF6F /* Main.storyboard in Resources */,
			);
			runOnlyForDeploymentPostprocessing = 0;
		};
/* End PBXResourcesBuildPhase section */

/* Begin PBXSourcesBuildPhase section */
		30AEBA911E45191A0019BF6F /* Sources */ = {
			isa = PBXSourcesBuildPhase;
			buildActionMask = 2147483647;
			files = (
				30AEBA9B1E45191B0019BF6F /* ViewController.swift in Sources */,
				30AEBA991E45191B0019BF6F /* AppDelegate.swift in Sources */,
			);
			runOnlyForDeploymentPostprocessing = 0;
		};
/* End PBXSourcesBuildPhase section */

/* Begin PBXVariantGroup section */
		30AEBA9C1E45191B0019BF6F /* Main.storyboard */ = {
			isa = PBXVariantGroup;
			children = (
				30AEBA9D1E45191B0019BF6F /* Base */,
			);
			name = Main.storyboard;
			sourceTree = "<group>";
		};
		30AEBAA11E45191B0019BF6F /* LaunchScreen.storyboard */ = {
			isa = PBXVariantGroup;
			children = (
				30AEBAA21E45191B0019BF6F /* Base */,
			);
			name = LaunchScreen.storyboard;
			sourceTree = "<group>";
		};
/* End PBXVariantGroup section */

/* Begin XCBuildConfiguration section */
		30AEBAA51E45191B0019BF6F /* Debug */ = {
			isa = XCBuildConfiguration;
			buildSettings = {
				ALWAYS_SEARCH_USER_PATHS = NO;
				CLANG_ANALYZER_NONNULL = YES;
				CLANG_CXX_LANGUAGE_STANDARD = "gnu++0x";
				CLANG_CXX_LIBRARY = "libc++";
				CLANG_ENABLE_MODULES = YES;
				CLANG_ENABLE_OBJC_ARC = YES;
				CLANG_WARN_BOOL_CONVERSION = YES;
				CLANG_WARN_CONSTANT_CONVERSION = YES;
				CLANG_WARN_DIRECT_OBJC_ISA_USAGE = YES_ERROR;
				CLANG_WARN_DOCUMENTATION_COMMENTS = YES;
				CLANG_WARN_EMPTY_BODY = YES;
				CLANG_WARN_ENUM_CONVERSION = YES;
				CLANG_WARN_INFINITE_RECURSION = YES;
				CLANG_WARN_INT_CONVERSION = YES;
				CLANG_WARN_OBJC_ROOT_CLASS = YES_ERROR;
				CLANG_WARN_SUSPICIOUS_MOVE = YES;
				CLANG_WARN_UNREACHABLE_CODE = YES;
				CLANG_WARN__DUPLICATE_METHOD_MATCH = YES;
				"CODE_SIGN_IDENTITY[sdk=iphoneos*]" = "iPhone Developer";
				COPY_PHASE_STRIP = NO;
				DEBUG_INFORMATION_FORMAT = dwarf;
				ENABLE_STRICT_OBJC_MSGSEND = YES;
				ENABLE_TESTABILITY = YES;
				GCC_C_LANGUAGE_STANDARD = gnu99;
				GCC_DYNAMIC_NO_PIC = NO;
				GCC_NO_COMMON_BLOCKS = YES;
				GCC_OPTIMIZATION_LEVEL = 0;
				GCC_PREPROCESSOR_DEFINITIONS = (
					"DEBUG=1",
					"$(inherited)",
				);
				GCC_WARN_64_TO_32_BIT_CONVERSION = YES;
				GCC_WARN_ABOUT_RETURN_TYPE = YES_ERROR;
				GCC_WARN_UNDECLARED_SELECTOR = YES;
				GCC_WARN_UNINITIALIZED_AUTOS = YES_AGGRESSIVE;
				GCC_WARN_UNUSED_FUNCTION = YES;
				GCC_WARN_UNUSED_VARIABLE = YES;
				IPHONEOS_DEPLOYMENT_TARGET = 10.2;
				MTL_ENABLE_DEBUG_INFO = YES;
				ONLY_ACTIVE_ARCH = YES;
				SDKROOT = iphoneos;
				SWIFT_ACTIVE_COMPILATION_CONDITIONS = DEBUG;
				SWIFT_OPTIMIZATION_LEVEL = "-Onone";
			};
			name = Debug;
		};
		30AEBAA61E45191B0019BF6F /* Release */ = {
			isa = XCBuildConfiguration;
			buildSettings = {
				ALWAYS_SEARCH_USER_PATHS = NO;
				CLANG_ANALYZER_NONNULL = YES;
				CLANG_CXX_LANGUAGE_STANDARD = "gnu++0x";
				CLANG_CXX_LIBRARY = "libc++";
				CLANG_ENABLE_MODULES = YES;
				CLANG_ENABLE_OBJC_ARC = YES;
				CLANG_WARN_BOOL_CONVERSION = YES;
				CLANG_WARN_CONSTANT_CONVERSION = YES;
				CLANG_WARN_DIRECT_OBJC_ISA_USAGE = YES_ERROR;
				CLANG_WARN_DOCUMENTATION_COMMENTS = YES;
				CLANG_WARN_EMPTY_BODY = YES;
				CLANG_WARN_ENUM_CONVERSION = YES;
				CLANG_WARN_INFINITE_RECURSION = YES;
				CLANG_WARN_INT_CONVERSION = YES;
				CLANG_WARN_OBJC_ROOT_CLASS = YES_ERROR;
				CLANG_WARN_SUSPICIOUS_MOVE = YES;
				CLANG_WARN_UNREACHABLE_CODE = YES;
				CLANG_WARN__DUPLICATE_METHOD_MATCH = YES;
				"CODE_SIGN_IDENTITY[sdk=iphoneos*]" = "iPhone Developer";
				COPY_PHASE_STRIP = NO;
				DEBUG_INFORMATION_FORMAT = "dwarf-with-dsym";
				ENABLE_NS_ASSERTIONS = NO;
				ENABLE_STRICT_OBJC_MSGSEND = YES;
				GCC_C_LANGUAGE_STANDARD = gnu99;
				GCC_NO_COMMON_BLOCKS = YES;
				GCC_WARN_64_TO_32_BIT_CONVERSION = YES;
				GCC_WARN_ABOUT_RETURN_TYPE = YES_ERROR;
				GCC_WARN_UNDECLARED_SELECTOR = YES;
				GCC_WARN_UNINITIALIZED_AUTOS = YES_AGGRESSIVE;
				GCC_WARN_UNUSED_FUNCTION = YES;
				GCC_WARN_UNUSED_VARIABLE = YES;
				IPHONEOS_DEPLOYMENT_TARGET = 10.2;
				MTL_ENABLE_DEBUG_INFO = NO;
				SDKROOT = iphoneos;
				SWIFT_OPTIMIZATION_LEVEL = "-Owholemodule";
				VALIDATE_PRODUCT = YES;
			};
			name = Release;
		};
		30AEBAA81E45191B0019BF6F /* Debug */ = {
			isa = XCBuildConfiguration;
			buildSettings = {
				ASSETCATALOG_COMPILER_APPICON_NAME = AppIcon;
				INFOPLIST_FILE = ChronoTimerView/Info.plist;
				LD_RUNPATH_SEARCH_PATHS = "$(inherited) @executable_path/Frameworks";
				PRODUCT_BUNDLE_IDENTIFIER = RBO.ChronoTimerView;
				PRODUCT_NAME = "$(TARGET_NAME)";
				SWIFT_VERSION = 3.0;
			};
			name = Debug;
		};
		30AEBAA91E45191B0019BF6F /* Release */ = {
			isa = XCBuildConfiguration;
			buildSettings = {
				ASSETCATALOG_COMPILER_APPICON_NAME = AppIcon;
				INFOPLIST_FILE = ChronoTimerView/Info.plist;
				LD_RUNPATH_SEARCH_PATHS = "$(inherited) @executable_path/Frameworks";
				PRODUCT_BUNDLE_IDENTIFIER = RBO.ChronoTimerView;
				PRODUCT_NAME = "$(TARGET_NAME)";
				SWIFT_VERSION = 3.0;
			};
			name = Release;
		};
/* End XCBuildConfiguration section */

/* Begin XCConfigurationList section */
		30AEBA901E45191A0019BF6F /* Build configuration list for PBXProject "ChronoTimerView" */ = {
			isa = XCConfigurationList;
			buildConfigurations = (
				30AEBAA51E45191B0019BF6F /* Debug */,
				30AEBAA61E45191B0019BF6F /* Release */,
			);
			defaultConfigurationIsVisible = 0;
			defaultConfigurationName = Release;
		};
		30AEBAA71E45191B0019BF6F /* Build configuration list for PBXNativeTarget "ChronoTimerView" */ = {
			isa = XCConfigurationList;
			buildConfigurations = (
				30AEBAA81E45191B0019BF6F /* Debug */,
				30AEBAA91E45191B0019BF6F /* Release */,
			);
			defaultConfigurationIsVisible = 0;
		};
/* End XCConfigurationList section */
	};
	rootObject = 30AEBA8D1E45191A0019BF6F /* Project object */;
}
